// !$*UTF8*$!
{
	archiveVersion = 1;
	classes = {
	};
	objectVersion = 50;
	objects = {

/* Begin PBXBuildFile section */
		50217078241FEDA600BF423B /* AppDelegate.swift in Sources */ = {isa = PBXBuildFile; fileRef = 50217077241FEDA600BF423B /* AppDelegate.swift */; };
		5021707C241FEDA600BF423B /* ChocolatesListViewController.swift in Sources */ = {isa = PBXBuildFile; fileRef = 5021707B241FEDA600BF423B /* ChocolatesListViewController.swift */; };
		5021707F241FEDA600BF423B /* Main.storyboard in Resources */ = {isa = PBXBuildFile; fileRef = 5021707D241FEDA600BF423B /* Main.storyboard */; };
		50217081241FEDA600BF423B /* Assets.xcassets in Resources */ = {isa = PBXBuildFile; fileRef = 50217080241FEDA600BF423B /* Assets.xcassets */; };
		50217084241FEDA600BF423B /* LaunchScreen.storyboard in Resources */ = {isa = PBXBuildFile; fileRef = 50217082241FEDA600BF423B /* LaunchScreen.storyboard */; };
		5021708C241FF6B900BF423B /* StringExtension.swift in Sources */ = {isa = PBXBuildFile; fileRef = 5021708B241FF6B900BF423B /* StringExtension.swift */; };
		5021708E241FF6E500BF423B /* DateExtension.swift in Sources */ = {isa = PBXBuildFile; fileRef = 5021708D241FF6E500BF423B /* DateExtension.swift */; };
		50217091241FF99000BF423B /* Chocolate.swift in Sources */ = {isa = PBXBuildFile; fileRef = 50217090241FF99000BF423B /* Chocolate.swift */; };
		50217093241FFA1C00BF423B /* ShoppingCart.swift in Sources */ = {isa = PBXBuildFile; fileRef = 50217092241FFA1C00BF423B /* ShoppingCart.swift */; };
		50217095241FFA4000BF423B /* CurrencyFormatter.swift in Sources */ = {isa = PBXBuildFile; fileRef = 50217094241FFA4000BF423B /* CurrencyFormatter.swift */; };
		50217099241FFA6A00BF423B /* ImageName.swift in Sources */ = {isa = PBXBuildFile; fileRef = 50217098241FFA6A00BF423B /* ImageName.swift */; };
		5021709C241FFABC00BF423B /* SegueHandler.swift in Sources */ = {isa = PBXBuildFile; fileRef = 5021709B241FFABC00BF423B /* SegueHandler.swift */; };
		5021709E241FFAF900BF423B /* CardType.swift in Sources */ = {isa = PBXBuildFile; fileRef = 5021709D241FFAF900BF423B /* CardType.swift */; };
		507BB4C6241FFBBA00416110 /* ChocolateCell.swift in Sources */ = {isa = PBXBuildFile; fileRef = 507BB4C5241FFBBA00416110 /* ChocolateCell.swift */; };
		507BB4C8241FFBD100416110 /* ChocolateButton.swift in Sources */ = {isa = PBXBuildFile; fileRef = 507BB4C7241FFBD100416110 /* ChocolateButton.swift */; };
		507BB4CA241FFBE500416110 /* ValidatingTextField.swift in Sources */ = {isa = PBXBuildFile; fileRef = 507BB4C9241FFBE500416110 /* ValidatingTextField.swift */; };
		507BB4CD2420039800416110 /* CartViewController.swift in Sources */ = {isa = PBXBuildFile; fileRef = 507BB4CC2420039800416110 /* CartViewController.swift */; };
		507BB4CF242003D000416110 /* ChocolateIsComingViewController.swift in Sources */ = {isa = PBXBuildFile; fileRef = 507BB4CE242003D000416110 /* ChocolateIsComingViewController.swift */; };
		507BB4D12420071F00416110 /* BillingInfoViewController.swift in Sources */ = {isa = PBXBuildFile; fileRef = 507BB4D02420071F00416110 /* BillingInfoViewController.swift */; };
/* End PBXBuildFile section */

/* Begin PBXFileReference section */
		50217074241FEDA600BF423B /* RxChocolate.app */ = {isa = PBXFileReference; explicitFileType = wrapper.application; includeInIndex = 0; path = RxChocolate.app; sourceTree = BUILT_PRODUCTS_DIR; };
		50217077241FEDA600BF423B /* AppDelegate.swift */ = {isa = PBXFileReference; lastKnownFileType = sourcecode.swift; path = AppDelegate.swift; sourceTree = "<group>"; };
		5021707B241FEDA600BF423B /* ChocolatesListViewController.swift */ = {isa = PBXFileReference; lastKnownFileType = sourcecode.swift; path = ChocolatesListViewController.swift; sourceTree = "<group>"; };
		5021707E241FEDA600BF423B /* Base */ = {isa = PBXFileReference; lastKnownFileType = file.storyboard; name = Base; path = Base.lproj/Main.storyboard; sourceTree = "<group>"; };
		50217080241FEDA600BF423B /* Assets.xcassets */ = {isa = PBXFileReference; lastKnownFileType = folder.assetcatalog; path = Assets.xcassets; sourceTree = "<group>"; };
		50217083241FEDA600BF423B /* Base */ = {isa = PBXFileReference; lastKnownFileType = file.storyboard; name = Base; path = Base.lproj/LaunchScreen.storyboard; sourceTree = "<group>"; };
		50217085241FEDA600BF423B /* Info.plist */ = {isa = PBXFileReference; lastKnownFileType = text.plist.xml; path = Info.plist; sourceTree = "<group>"; };
		5021708B241FF6B900BF423B /* StringExtension.swift */ = {isa = PBXFileReference; lastKnownFileType = sourcecode.swift; path = StringExtension.swift; sourceTree = "<group>"; };
		5021708D241FF6E500BF423B /* DateExtension.swift */ = {isa = PBXFileReference; lastKnownFileType = sourcecode.swift; path = DateExtension.swift; sourceTree = "<group>"; };
		50217090241FF99000BF423B /* Chocolate.swift */ = {isa = PBXFileReference; lastKnownFileType = sourcecode.swift; path = Chocolate.swift; sourceTree = "<group>"; };
		50217092241FFA1C00BF423B /* ShoppingCart.swift */ = {isa = PBXFileReference; lastKnownFileType = sourcecode.swift; path = ShoppingCart.swift; sourceTree = "<group>"; };
		50217094241FFA4000BF423B /* CurrencyFormatter.swift */ = {isa = PBXFileReference; lastKnownFileType = sourcecode.swift; path = CurrencyFormatter.swift; sourceTree = "<group>"; };
		50217098241FFA6A00BF423B /* ImageName.swift */ = {isa = PBXFileReference; lastKnownFileType = sourcecode.swift; path = ImageName.swift; sourceTree = "<group>"; };
		5021709B241FFABC00BF423B /* SegueHandler.swift */ = {isa = PBXFileReference; lastKnownFileType = sourcecode.swift; path = SegueHandler.swift; sourceTree = "<group>"; };
		5021709D241FFAF900BF423B /* CardType.swift */ = {isa = PBXFileReference; lastKnownFileType = sourcecode.swift; path = CardType.swift; sourceTree = "<group>"; };
		507BB4C5241FFBBA00416110 /* ChocolateCell.swift */ = {isa = PBXFileReference; lastKnownFileType = sourcecode.swift; path = ChocolateCell.swift; sourceTree = "<group>"; };
		507BB4C7241FFBD100416110 /* ChocolateButton.swift */ = {isa = PBXFileReference; lastKnownFileType = sourcecode.swift; path = ChocolateButton.swift; sourceTree = "<group>"; };
		507BB4C9241FFBE500416110 /* ValidatingTextField.swift */ = {isa = PBXFileReference; lastKnownFileType = sourcecode.swift; path = ValidatingTextField.swift; sourceTree = "<group>"; };
		507BB4CC2420039800416110 /* CartViewController.swift */ = {isa = PBXFileReference; lastKnownFileType = sourcecode.swift; path = CartViewController.swift; sourceTree = "<group>"; };
		507BB4CE242003D000416110 /* ChocolateIsComingViewController.swift */ = {isa = PBXFileReference; lastKnownFileType = sourcecode.swift; path = ChocolateIsComingViewController.swift; sourceTree = "<group>"; };
		507BB4D02420071F00416110 /* BillingInfoViewController.swift */ = {isa = PBXFileReference; lastKnownFileType = sourcecode.swift; path = BillingInfoViewController.swift; sourceTree = "<group>"; };
/* End PBXFileReference section */

/* Begin PBXFrameworksBuildPhase section */
		50217071241FEDA600BF423B /* Frameworks */ = {
			isa = PBXFrameworksBuildPhase;
			buildActionMask = 2147483647;
			files = (
			);
			runOnlyForDeploymentPostprocessing = 0;
		};
/* End PBXFrameworksBuildPhase section */

/* Begin PBXGroup section */
		5021706B241FEDA500BF423B = {
			isa = PBXGroup;
			children = (
				50217076241FEDA600BF423B /* RxChocolate */,
				50217075241FEDA600BF423B /* Products */,
			);
			sourceTree = "<group>";
		};
		50217075241FEDA600BF423B /* Products */ = {
			isa = PBXGroup;
			children = (
				50217074241FEDA600BF423B /* RxChocolate.app */,
			);
			name = Products;
			sourceTree = "<group>";
		};
		50217076241FEDA600BF423B /* RxChocolate */ = {
			isa = PBXGroup;
			children = (
				50217077241FEDA600BF423B /* AppDelegate.swift */,
				507BB4D22420156C00416110 /* Controllers */,
				507BB4CB241FFBED00416110 /* Views */,
				5021709A241FFA8E00BF423B /* Models */,
				507BB4C4241FFB9600416110 /* Protocols */,
				5021708F241FF97600BF423B /* Extensions */,
				5021707D241FEDA600BF423B /* Main.storyboard */,
				50217082241FEDA600BF423B /* LaunchScreen.storyboard */,
				50217080241FEDA600BF423B /* Assets.xcassets */,
				50217085241FEDA600BF423B /* Info.plist */,
			);
			path = RxChocolate;
			sourceTree = "<group>";
		};
		5021708F241FF97600BF423B /* Extensions */ = {
			isa = PBXGroup;
			children = (
				5021708B241FF6B900BF423B /* StringExtension.swift */,
				5021708D241FF6E500BF423B /* DateExtension.swift */,
			);
			path = Extensions;
			sourceTree = "<group>";
		};
		5021709A241FFA8E00BF423B /* Models */ = {
			isa = PBXGroup;
			children = (
				50217090241FF99000BF423B /* Chocolate.swift */,
				50217092241FFA1C00BF423B /* ShoppingCart.swift */,
				50217094241FFA4000BF423B /* CurrencyFormatter.swift */,
				5021709D241FFAF900BF423B /* CardType.swift */,
				50217098241FFA6A00BF423B /* ImageName.swift */,
			);
			path = Models;
			sourceTree = "<group>";
		};
		507BB4C4241FFB9600416110 /* Protocols */ = {
			isa = PBXGroup;
			children = (
				5021709B241FFABC00BF423B /* SegueHandler.swift */,
			);
			path = Protocols;
			sourceTree = "<group>";
		};
		507BB4CB241FFBED00416110 /* Views */ = {
			isa = PBXGroup;
			children = (
				507BB4C5241FFBBA00416110 /* ChocolateCell.swift */,
				507BB4C7241FFBD100416110 /* ChocolateButton.swift */,
				507BB4C9241FFBE500416110 /* ValidatingTextField.swift */,
			);
			path = Views;
			sourceTree = "<group>";
		};
		507BB4D22420156C00416110 /* Controllers */ = {
			isa = PBXGroup;
			children = (
				5021707B241FEDA600BF423B /* ChocolatesListViewController.swift */,
				507BB4CC2420039800416110 /* CartViewController.swift */,
				507BB4D02420071F00416110 /* BillingInfoViewController.swift */,
				507BB4CE242003D000416110 /* ChocolateIsComingViewController.swift */,
			);
			path = Controllers;
			sourceTree = "<group>";
		};
/* End PBXGroup section */

/* Begin PBXNativeTarget section */
		50217073241FEDA600BF423B /* RxChocolate */ = {
			isa = PBXNativeTarget;
			buildConfigurationList = 50217088241FEDA600BF423B /* Build configuration list for PBXNativeTarget "RxChocolate" */;
			buildPhases = (
				50217070241FEDA600BF423B /* Sources */,
				50217071241FEDA600BF423B /* Frameworks */,
				50217072241FEDA600BF423B /* Resources */,
			);
			buildRules = (
			);
			dependencies = (
			);
			name = RxChocolate;
			productName = RxChocolate;
			productReference = 50217074241FEDA600BF423B /* RxChocolate.app */;
			productType = "com.apple.product-type.application";
		};
/* End PBXNativeTarget section */

/* Begin PBXProject section */
		5021706C241FEDA500BF423B /* Project object */ = {
			isa = PBXProject;
			attributes = {
				LastSwiftUpdateCheck = 1130;
				LastUpgradeCheck = 1130;
				ORGANIZATIONNAME = "Maxim Zheleznyy";
				TargetAttributes = {
					50217073241FEDA600BF423B = {
						CreatedOnToolsVersion = 11.3.1;
					};
				};
			};
			buildConfigurationList = 5021706F241FEDA500BF423B /* Build configuration list for PBXProject "RxChocolate" */;
			compatibilityVersion = "Xcode 9.3";
			developmentRegion = en;
			hasScannedForEncodings = 0;
			knownRegions = (
				en,
				Base,
			);
			mainGroup = 5021706B241FEDA500BF423B;
			productRefGroup = 50217075241FEDA600BF423B /* Products */;
			projectDirPath = "";
			projectRoot = "";
			targets = (
				50217073241FEDA600BF423B /* RxChocolate */,
			);
		};
/* End PBXProject section */

/* Begin PBXResourcesBuildPhase section */
		50217072241FEDA600BF423B /* Resources */ = {
			isa = PBXResourcesBuildPhase;
			buildActionMask = 2147483647;
			files = (
				50217084241FEDA600BF423B /* LaunchScreen.storyboard in Resources */,
				50217081241FEDA600BF423B /* Assets.xcassets in Resources */,
				5021707F241FEDA600BF423B /* Main.storyboard in Resources */,
			);
			runOnlyForDeploymentPostprocessing = 0;
		};
/* End PBXResourcesBuildPhase section */

/* Begin PBXSourcesBuildPhase section */
		50217070241FEDA600BF423B /* Sources */ = {
			isa = PBXSourcesBuildPhase;
			buildActionMask = 2147483647;
			files = (
				5021708C241FF6B900BF423B /* StringExtension.swift in Sources */,
				50217093241FFA1C00BF423B /* ShoppingCart.swift in Sources */,
				507BB4CD2420039800416110 /* CartViewController.swift in Sources */,
				50217091241FF99000BF423B /* Chocolate.swift in Sources */,
				5021709E241FFAF900BF423B /* CardType.swift in Sources */,
				507BB4CF242003D000416110 /* ChocolateIsComingViewController.swift in Sources */,
				507BB4D12420071F00416110 /* BillingInfoViewController.swift in Sources */,
				50217099241FFA6A00BF423B /* ImageName.swift in Sources */,
				5021708E241FF6E500BF423B /* DateExtension.swift in Sources */,
				5021707C241FEDA600BF423B /* ChocolatesListViewController.swift in Sources */,
				5021709C241FFABC00BF423B /* SegueHandler.swift in Sources */,
				507BB4C6241FFBBA00416110 /* ChocolateCell.swift in Sources */,
				50217095241FFA4000BF423B /* CurrencyFormatter.swift in Sources */,
				507BB4C8241FFBD100416110 /* ChocolateButton.swift in Sources */,
				50217078241FEDA600BF423B /* AppDelegate.swift in Sources */,
				507BB4CA241FFBE500416110 /* ValidatingTextField.swift in Sources */,
			);
			runOnlyForDeploymentPostprocessing = 0;
		};
/* End PBXSourcesBuildPhase section */

/* Begin PBXVariantGroup section */
		5021707D241FEDA600BF423B /* Main.storyboard */ = {
			isa = PBXVariantGroup;
			children = (
				5021707E241FEDA600BF423B /* Base */,
			);
			name = Main.storyboard;
			sourceTree = "<group>";
		};
		50217082241FEDA600BF423B /* LaunchScreen.storyboard */ = {
			isa = PBXVariantGroup;
			children = (
				50217083241FEDA600BF423B /* Base */,
			);
			name = LaunchScreen.storyboard;
			sourceTree = "<group>";
		};
/* End PBXVariantGroup section */

/* Begin XCBuildConfiguration section */
		50217086241FEDA600BF423B /* Debug */ = {
			isa = XCBuildConfiguration;
			buildSettings = {
				ALWAYS_SEARCH_USER_PATHS = NO;
				CLANG_ANALYZER_NONNULL = YES;
				CLANG_ANALYZER_NUMBER_OBJECT_CONVERSION = YES_AGGRESSIVE;
				CLANG_CXX_LANGUAGE_STANDARD = "gnu++14";
				CLANG_CXX_LIBRARY = "libc++";
				CLANG_ENABLE_MODULES = YES;
				CLANG_ENABLE_OBJC_ARC = YES;
				CLANG_ENABLE_OBJC_WEAK = YES;
				CLANG_WARN_BLOCK_CAPTURE_AUTORELEASING = YES;
				CLANG_WARN_BOOL_CONVERSION = YES;
				CLANG_WARN_COMMA = YES;
				CLANG_WARN_CONSTANT_CONVERSION = YES;
				CLANG_WARN_DEPRECATED_OBJC_IMPLEMENTATIONS = YES;
				CLANG_WARN_DIRECT_OBJC_ISA_USAGE = YES_ERROR;
				CLANG_WARN_DOCUMENTATION_COMMENTS = YES;
				CLANG_WARN_EMPTY_BODY = YES;
				CLANG_WARN_ENUM_CONVERSION = YES;
				CLANG_WARN_INFINITE_RECURSION = YES;
				CLANG_WARN_INT_CONVERSION = YES;
				CLANG_WARN_NON_LITERAL_NULL_CONVERSION = YES;
				CLANG_WARN_OBJC_IMPLICIT_RETAIN_SELF = YES;
				CLANG_WARN_OBJC_LITERAL_CONVERSION = YES;
				CLANG_WARN_OBJC_ROOT_CLASS = YES_ERROR;
				CLANG_WARN_RANGE_LOOP_ANALYSIS = YES;
				CLANG_WARN_STRICT_PROTOTYPES = YES;
				CLANG_WARN_SUSPICIOUS_MOVE = YES;
				CLANG_WARN_UNGUARDED_AVAILABILITY = YES_AGGRESSIVE;
				CLANG_WARN_UNREACHABLE_CODE = YES;
				CLANG_WARN__DUPLICATE_METHOD_MATCH = YES;
				COPY_PHASE_STRIP = NO;
				DEBUG_INFORMATION_FORMAT = dwarf;
				ENABLE_STRICT_OBJC_MSGSEND = YES;
				ENABLE_TESTABILITY = YES;
				GCC_C_LANGUAGE_STANDARD = gnu11;
				GCC_DYNAMIC_NO_PIC = NO;
				GCC_NO_COMMON_BLOCKS = YES;
				GCC_OPTIMIZATION_LEVEL = 0;
				GCC_PREPROCESSOR_DEFINITIONS = (
					"DEBUG=1",
					"$(inherited)",
				);
				GCC_WARN_64_TO_32_BIT_CONVERSION = YES;
				GCC_WARN_ABOUT_RETURN_TYPE = YES_ERROR;
				GCC_WARN_UNDECLARED_SELECTOR = YES;
				GCC_WARN_UNINITIALIZED_AUTOS = YES_AGGRESSIVE;
				GCC_WARN_UNUSED_FUNCTION = YES;
				GCC_WARN_UNUSED_VARIABLE = YES;
				IPHONEOS_DEPLOYMENT_TARGET = 13.2;
				MTL_ENABLE_DEBUG_INFO = INCLUDE_SOURCE;
				MTL_FAST_MATH = YES;
				ONLY_ACTIVE_ARCH = YES;
				SDKROOT = iphoneos;
				SWIFT_ACTIVE_COMPILATION_CONDITIONS = DEBUG;
				SWIFT_OPTIMIZATION_LEVEL = "-Onone";
			};
			name = Debug;
		};
		50217087241FEDA600BF423B /* Release */ = {
			isa = XCBuildConfiguration;
			buildSettings = {
				ALWAYS_SEARCH_USER_PATHS = NO;
				CLANG_ANALYZER_NONNULL = YES;
				CLANG_ANALYZER_NUMBER_OBJECT_CONVERSION = YES_AGGRESSIVE;
				CLANG_CXX_LANGUAGE_STANDARD = "gnu++14";
				CLANG_CXX_LIBRARY = "libc++";
				CLANG_ENABLE_MODULES = YES;
				CLANG_ENABLE_OBJC_ARC = YES;
				CLANG_ENABLE_OBJC_WEAK = YES;
				CLANG_WARN_BLOCK_CAPTURE_AUTORELEASING = YES;
				CLANG_WARN_BOOL_CONVERSION = YES;
				CLANG_WARN_COMMA = YES;
				CLANG_WARN_CONSTANT_CONVERSION = YES;
				CLANG_WARN_DEPRECATED_OBJC_IMPLEMENTATIONS = YES;
				CLANG_WARN_DIRECT_OBJC_ISA_USAGE = YES_ERROR;
				CLANG_WARN_DOCUMENTATION_COMMENTS = YES;
				CLANG_WARN_EMPTY_BODY = YES;
				CLANG_WARN_ENUM_CONVERSION = YES;
				CLANG_WARN_INFINITE_RECURSION = YES;
				CLANG_WARN_INT_CONVERSION = YES;
				CLANG_WARN_NON_LITERAL_NULL_CONVERSION = YES;
				CLANG_WARN_OBJC_IMPLICIT_RETAIN_SELF = YES;
				CLANG_WARN_OBJC_LITERAL_CONVERSION = YES;
				CLANG_WARN_OBJC_ROOT_CLASS = YES_ERROR;
				CLANG_WARN_RANGE_LOOP_ANALYSIS = YES;
				CLANG_WARN_STRICT_PROTOTYPES = YES;
				CLANG_WARN_SUSPICIOUS_MOVE = YES;
				CLANG_WARN_UNGUARDED_AVAILABILITY = YES_AGGRESSIVE;
				CLANG_WARN_UNREACHABLE_CODE = YES;
				CLANG_WARN__DUPLICATE_METHOD_MATCH = YES;
				COPY_PHASE_STRIP = NO;
				DEBUG_INFORMATION_FORMAT = "dwarf-with-dsym";
				ENABLE_NS_ASSERTIONS = NO;
				ENABLE_STRICT_OBJC_MSGSEND = YES;
				GCC_C_LANGUAGE_STANDARD = gnu11;
				GCC_NO_COMMON_BLOCKS = YES;
				GCC_WARN_64_TO_32_BIT_CONVERSION = YES;
				GCC_WARN_ABOUT_RETURN_TYPE = YES_ERROR;
				GCC_WARN_UNDECLARED_SELECTOR = YES;
				GCC_WARN_UNINITIALIZED_AUTOS = YES_AGGRESSIVE;
				GCC_WARN_UNUSED_FUNCTION = YES;
				GCC_WARN_UNUSED_VARIABLE = YES;
				IPHONEOS_DEPLOYMENT_TARGET = 13.2;
				MTL_ENABLE_DEBUG_INFO = NO;
				MTL_FAST_MATH = YES;
				SDKROOT = iphoneos;
				SWIFT_COMPILATION_MODE = wholemodule;
				SWIFT_OPTIMIZATION_LEVEL = "-O";
				VALIDATE_PRODUCT = YES;
			};
			name = Release;
		};
		50217089241FEDA600BF423B /* Debug */ = {
			isa = XCBuildConfiguration;
			buildSettings = {
				ASSETCATALOG_COMPILER_APPICON_NAME = AppIcon;
				CODE_SIGN_STYLE = Automatic;
				DEVELOPMENT_TEAM = M5GNN3BNG3;
				INFOPLIST_FILE = RxChocolate/Info.plist;
				LD_RUNPATH_SEARCH_PATHS = (
					"$(inherited)",
					"@executable_path/Frameworks",
				);
				PRODUCT_BUNDLE_IDENTIFIER = com.maxzheleznyy.RxChocolate;
				PRODUCT_NAME = "$(TARGET_NAME)";
				SWIFT_VERSION = 5.0;
				TARGETED_DEVICE_FAMILY = "1,2";
			};
			name = Debug;
		};
		5021708A241FEDA600BF423B /* Release */ = {
			isa = XCBuildConfiguration;
			buildSettings = {
				ASSETCATALOG_COMPILER_APPICON_NAME = AppIcon;
				CODE_SIGN_STYLE = Automatic;
				DEVELOPMENT_TEAM = M5GNN3BNG3;
				INFOPLIST_FILE = RxChocolate/Info.plist;
				LD_RUNPATH_SEARCH_PATHS = (
					"$(inherited)",
					"@executable_path/Frameworks",
				);
				PRODUCT_BUNDLE_IDENTIFIER = com.maxzheleznyy.RxChocolate;
				PRODUCT_NAME = "$(TARGET_NAME)";
				SWIFT_VERSION = 5.0;
				TARGETED_DEVICE_FAMILY = "1,2";
			};
			name = Release;
		};
/* End XCBuildConfiguration section */

/* Begin XCConfigurationList section */
		5021706F241FEDA500BF423B /* Build configuration list for PBXProject "RxChocolate" */ = {
			isa = XCConfigurationList;
			buildConfigurations = (
				50217086241FEDA600BF423B /* Debug */,
				50217087241FEDA600BF423B /* Release */,
			);
			defaultConfigurationIsVisible = 0;
			defaultConfigurationName = Release;
		};
		50217088241FEDA600BF423B /* Build configuration list for PBXNativeTarget "RxChocolate" */ = {
			isa = XCConfigurationList;
			buildConfigurations = (
				50217089241FEDA600BF423B /* Debug */,
				5021708A241FEDA600BF423B /* Release */,
			);
			defaultConfigurationIsVisible = 0;
			defaultConfigurationName = Release;
		};
/* End XCConfigurationList section */
	};
	rootObject = 5021706C241FEDA500BF423B /* Project object */;
}
